// !$*UTF8*$!
{
	archiveVersion = 1;
	classes = {
	};
	objectVersion = 50;
	objects = {

/* Begin PBXBuildFile section */
		A51A18CF26A76A8100445ED0 /* AppDelegate.swift in Sources */ = {isa = PBXBuildFile; fileRef = A51A18CE26A76A8100445ED0 /* AppDelegate.swift */; };
		A51A18D126A76A8100445ED0 /* SceneDelegate.swift in Sources */ = {isa = PBXBuildFile; fileRef = A51A18D026A76A8100445ED0 /* SceneDelegate.swift */; };
		A51A18D326A76A8100445ED0 /* ViewController.swift in Sources */ = {isa = PBXBuildFile; fileRef = A51A18D226A76A8100445ED0 /* ViewController.swift */; };
		A51A18D626A76A8100445ED0 /* Main.storyboard in Resources */ = {isa = PBXBuildFile; fileRef = A51A18D426A76A8100445ED0 /* Main.storyboard */; };
		A51A18D926A76A8100445ED0 /* Final_Project.xcdatamodeld in Sources */ = {isa = PBXBuildFile; fileRef = A51A18D726A76A8100445ED0 /* Final_Project.xcdatamodeld */; };
		A51A18DB26A76A8C00445ED0 /* Assets.xcassets in Resources */ = {isa = PBXBuildFile; fileRef = A51A18DA26A76A8C00445ED0 /* Assets.xcassets */; };
		A51A18DE26A76A8C00445ED0 /* LaunchScreen.storyboard in Resources */ = {isa = PBXBuildFile; fileRef = A51A18DC26A76A8C00445ED0 /* LaunchScreen.storyboard */; };
		A51A18E926A76A8D00445ED0 /* Final_ProjectTests.swift in Sources */ = {isa = PBXBuildFile; fileRef = A51A18E826A76A8D00445ED0 /* Final_ProjectTests.swift */; };
		A51A18F426A76A8D00445ED0 /* Final_ProjectUITests.swift in Sources */ = {isa = PBXBuildFile; fileRef = A51A18F326A76A8D00445ED0 /* Final_ProjectUITests.swift */; };
/* End PBXBuildFile section */

/* Begin PBXContainerItemProxy section */
		A51A18E526A76A8C00445ED0 /* PBXContainerItemProxy */ = {
			isa = PBXContainerItemProxy;
			containerPortal = A51A18C326A76A8100445ED0 /* Project object */;
			proxyType = 1;
			remoteGlobalIDString = A51A18CA26A76A8100445ED0;
			remoteInfo = "Final Project";
		};
		A51A18F026A76A8D00445ED0 /* PBXContainerItemProxy */ = {
			isa = PBXContainerItemProxy;
			containerPortal = A51A18C326A76A8100445ED0 /* Project object */;
			proxyType = 1;
			remoteGlobalIDString = A51A18CA26A76A8100445ED0;
			remoteInfo = "Final Project";
		};
/* End PBXContainerItemProxy section */

/* Begin PBXFileReference section */
		A51A18CB26A76A8100445ED0 /* Final Project.app */ = {isa = PBXFileReference; explicitFileType = wrapper.application; includeInIndex = 0; path = "Final Project.app"; sourceTree = BUILT_PRODUCTS_DIR; };
		A51A18CE26A76A8100445ED0 /* AppDelegate.swift */ = {isa = PBXFileReference; lastKnownFileType = sourcecode.swift; path = AppDelegate.swift; sourceTree = "<group>"; };
		A51A18D026A76A8100445ED0 /* SceneDelegate.swift */ = {isa = PBXFileReference; lastKnownFileType = sourcecode.swift; path = SceneDelegate.swift; sourceTree = "<group>"; };
		A51A18D226A76A8100445ED0 /* ViewController.swift */ = {isa = PBXFileReference; lastKnownFileType = sourcecode.swift; path = ViewController.swift; sourceTree = "<group>"; };
		A51A18D526A76A8100445ED0 /* Base */ = {isa = PBXFileReference; lastKnownFileType = file.storyboard; name = Base; path = Base.lproj/Main.storyboard; sourceTree = "<group>"; };
		A51A18D826A76A8100445ED0 /* Final_Project.xcdatamodel */ = {isa = PBXFileReference; lastKnownFileType = wrapper.xcdatamodel; path = Final_Project.xcdatamodel; sourceTree = "<group>"; };
		A51A18DA26A76A8C00445ED0 /* Assets.xcassets */ = {isa = PBXFileReference; lastKnownFileType = folder.assetcatalog; path = Assets.xcassets; sourceTree = "<group>"; };
		A51A18DD26A76A8C00445ED0 /* Base */ = {isa = PBXFileReference; lastKnownFileType = file.storyboard; name = Base; path = Base.lproj/LaunchScreen.storyboard; sourceTree = "<group>"; };
		A51A18DF26A76A8C00445ED0 /* Info.plist */ = {isa = PBXFileReference; lastKnownFileType = text.plist.xml; path = Info.plist; sourceTree = "<group>"; };
		A51A18E426A76A8C00445ED0 /* Final ProjectTests.xctest */ = {isa = PBXFileReference; explicitFileType = wrapper.cfbundle; includeInIndex = 0; path = "Final ProjectTests.xctest"; sourceTree = BUILT_PRODUCTS_DIR; };
		A51A18E826A76A8D00445ED0 /* Final_ProjectTests.swift */ = {isa = PBXFileReference; lastKnownFileType = sourcecode.swift; path = Final_ProjectTests.swift; sourceTree = "<group>"; };
		A51A18EA26A76A8D00445ED0 /* Info.plist */ = {isa = PBXFileReference; lastKnownFileType = text.plist.xml; path = Info.plist; sourceTree = "<group>"; };
		A51A18EF26A76A8D00445ED0 /* Final ProjectUITests.xctest */ = {isa = PBXFileReference; explicitFileType = wrapper.cfbundle; includeInIndex = 0; path = "Final ProjectUITests.xctest"; sourceTree = BUILT_PRODUCTS_DIR; };
		A51A18F326A76A8D00445ED0 /* Final_ProjectUITests.swift */ = {isa = PBXFileReference; lastKnownFileType = sourcecode.swift; path = Final_ProjectUITests.swift; sourceTree = "<group>"; };
		A51A18F526A76A8D00445ED0 /* Info.plist */ = {isa = PBXFileReference; lastKnownFileType = text.plist.xml; path = Info.plist; sourceTree = "<group>"; };
/* End PBXFileReference section */

/* Begin PBXFrameworksBuildPhase section */
		A51A18C826A76A8100445ED0 /* Frameworks */ = {
			isa = PBXFrameworksBuildPhase;
			buildActionMask = 2147483647;
			files = (
			);
			runOnlyForDeploymentPostprocessing = 0;
		};
		A51A18E126A76A8C00445ED0 /* Frameworks */ = {
			isa = PBXFrameworksBuildPhase;
			buildActionMask = 2147483647;
			files = (
			);
			runOnlyForDeploymentPostprocessing = 0;
		};
		A51A18EC26A76A8D00445ED0 /* Frameworks */ = {
			isa = PBXFrameworksBuildPhase;
			buildActionMask = 2147483647;
			files = (
			);
			runOnlyForDeploymentPostprocessing = 0;
		};
/* End PBXFrameworksBuildPhase section */

/* Begin PBXGroup section */
		A51A18C226A76A8100445ED0 = {
			isa = PBXGroup;
			children = (
				A51A18CD26A76A8100445ED0 /* Final Project */,
				A51A18E726A76A8D00445ED0 /* Final ProjectTests */,
				A51A18F226A76A8D00445ED0 /* Final ProjectUITests */,
				A51A18CC26A76A8100445ED0 /* Products */,
			);
			sourceTree = "<group>";
		};
		A51A18CC26A76A8100445ED0 /* Products */ = {
			isa = PBXGroup;
			children = (
				A51A18CB26A76A8100445ED0 /* Final Project.app */,
				A51A18E426A76A8C00445ED0 /* Final ProjectTests.xctest */,
				A51A18EF26A76A8D00445ED0 /* Final ProjectUITests.xctest */,
			);
			name = Products;
			sourceTree = "<group>";
		};
		A51A18CD26A76A8100445ED0 /* Final Project */ = {
			isa = PBXGroup;
			children = (
				A51A18CE26A76A8100445ED0 /* AppDelegate.swift */,
				A51A18D026A76A8100445ED0 /* SceneDelegate.swift */,
				A51A18D226A76A8100445ED0 /* ViewController.swift */,
				A51A18D426A76A8100445ED0 /* Main.storyboard */,
				A51A18DA26A76A8C00445ED0 /* Assets.xcassets */,
				A51A18DC26A76A8C00445ED0 /* LaunchScreen.storyboard */,
				A51A18DF26A76A8C00445ED0 /* Info.plist */,
				A51A18D726A76A8100445ED0 /* Final_Project.xcdatamodeld */,
			);
			path = "Final Project";
			sourceTree = "<group>";
		};
		A51A18E726A76A8D00445ED0 /* Final ProjectTests */ = {
			isa = PBXGroup;
			children = (
				A51A18E826A76A8D00445ED0 /* Final_ProjectTests.swift */,
				A51A18EA26A76A8D00445ED0 /* Info.plist */,
			);
			path = "Final ProjectTests";
			sourceTree = "<group>";
		};
		A51A18F226A76A8D00445ED0 /* Final ProjectUITests */ = {
			isa = PBXGroup;
			children = (
				A51A18F326A76A8D00445ED0 /* Final_ProjectUITests.swift */,
				A51A18F526A76A8D00445ED0 /* Info.plist */,
			);
			path = "Final ProjectUITests";
			sourceTree = "<group>";
		};
/* End PBXGroup section */

/* Begin PBXNativeTarget section */
		A51A18CA26A76A8100445ED0 /* Final Project */ = {
			isa = PBXNativeTarget;
			buildConfigurationList = A51A18F826A76A8D00445ED0 /* Build configuration list for PBXNativeTarget "Final Project" */;
			buildPhases = (
				A51A18C726A76A8100445ED0 /* Sources */,
				A51A18C826A76A8100445ED0 /* Frameworks */,
				A51A18C926A76A8100445ED0 /* Resources */,
			);
			buildRules = (
			);
			dependencies = (
			);
			name = "Final Project";
			productName = "Final Project";
			productReference = A51A18CB26A76A8100445ED0 /* Final Project.app */;
			productType = "com.apple.product-type.application";
		};
		A51A18E326A76A8C00445ED0 /* Final ProjectTests */ = {
			isa = PBXNativeTarget;
			buildConfigurationList = A51A18FB26A76A8D00445ED0 /* Build configuration list for PBXNativeTarget "Final ProjectTests" */;
			buildPhases = (
				A51A18E026A76A8C00445ED0 /* Sources */,
				A51A18E126A76A8C00445ED0 /* Frameworks */,
				A51A18E226A76A8C00445ED0 /* Resources */,
			);
			buildRules = (
			);
			dependencies = (
				A51A18E626A76A8C00445ED0 /* PBXTargetDependency */,
			);
			name = "Final ProjectTests";
			productName = "Final ProjectTests";
			productReference = A51A18E426A76A8C00445ED0 /* Final ProjectTests.xctest */;
			productType = "com.apple.product-type.bundle.unit-test";
		};
		A51A18EE26A76A8D00445ED0 /* Final ProjectUITests */ = {
			isa = PBXNativeTarget;
			buildConfigurationList = A51A18FE26A76A8D00445ED0 /* Build configuration list for PBXNativeTarget "Final ProjectUITests" */;
			buildPhases = (
				A51A18EB26A76A8D00445ED0 /* Sources */,
				A51A18EC26A76A8D00445ED0 /* Frameworks */,
				A51A18ED26A76A8D00445ED0 /* Resources */,
			);
			buildRules = (
			);
			dependencies = (
				A51A18F126A76A8D00445ED0 /* PBXTargetDependency */,
			);
			name = "Final ProjectUITests";
			productName = "Final ProjectUITests";
			productReference = A51A18EF26A76A8D00445ED0 /* Final ProjectUITests.xctest */;
			productType = "com.apple.product-type.bundle.ui-testing";
		};
/* End PBXNativeTarget section */

/* Begin PBXProject section */
		A51A18C326A76A8100445ED0 /* Project object */ = {
			isa = PBXProject;
			attributes = {
				LastSwiftUpdateCheck = 1250;
				LastUpgradeCheck = 1250;
				TargetAttributes = {
					A51A18CA26A76A8100445ED0 = {
						CreatedOnToolsVersion = 12.5.1;
					};
					A51A18E326A76A8C00445ED0 = {
						CreatedOnToolsVersion = 12.5.1;
						TestTargetID = A51A18CA26A76A8100445ED0;
					};
					A51A18EE26A76A8D00445ED0 = {
						CreatedOnToolsVersion = 12.5.1;
						TestTargetID = A51A18CA26A76A8100445ED0;
					};
				};
			};
			buildConfigurationList = A51A18C626A76A8100445ED0 /* Build configuration list for PBXProject "Final Project" */;
			compatibilityVersion = "Xcode 9.3";
			developmentRegion = en;
			hasScannedForEncodings = 0;
			knownRegions = (
				en,
				Base,
			);
			mainGroup = A51A18C226A76A8100445ED0;
			productRefGroup = A51A18CC26A76A8100445ED0 /* Products */;
			projectDirPath = "";
			projectRoot = "";
			targets = (
				A51A18CA26A76A8100445ED0 /* Final Project */,
				A51A18E326A76A8C00445ED0 /* Final ProjectTests */,
				A51A18EE26A76A8D00445ED0 /* Final ProjectUITests */,
			);
		};
/* End PBXProject section */

/* Begin PBXResourcesBuildPhase section */
		A51A18C926A76A8100445ED0 /* Resources */ = {
			isa = PBXResourcesBuildPhase;
			buildActionMask = 2147483647;
			files = (
				A51A18DE26A76A8C00445ED0 /* LaunchScreen.storyboard in Resources */,
				A51A18DB26A76A8C00445ED0 /* Assets.xcassets in Resources */,
				A51A18D626A76A8100445ED0 /* Main.storyboard in Resources */,
			);
			runOnlyForDeploymentPostprocessing = 0;
		};
		A51A18E226A76A8C00445ED0 /* Resources */ = {
			isa = PBXResourcesBuildPhase;
			buildActionMask = 2147483647;
			files = (
			);
			runOnlyForDeploymentPostprocessing = 0;
		};
		A51A18ED26A76A8D00445ED0 /* Resources */ = {
			isa = PBXResourcesBuildPhase;
			buildActionMask = 2147483647;
			files = (
			);
			runOnlyForDeploymentPostprocessing = 0;
		};
/* End PBXResourcesBuildPhase section */

/* Begin PBXSourcesBuildPhase section */
		A51A18C726A76A8100445ED0 /* Sources */ = {
			isa = PBXSourcesBuildPhase;
			buildActionMask = 2147483647;
			files = (
				A51A18D326A76A8100445ED0 /* ViewController.swift in Sources */,
				A51A18CF26A76A8100445ED0 /* AppDelegate.swift in Sources */,
				A51A18D926A76A8100445ED0 /* Final_Project.xcdatamodeld in Sources */,
				A51A18D126A76A8100445ED0 /* SceneDelegate.swift in Sources */,
			);
			runOnlyForDeploymentPostprocessing = 0;
		};
		A51A18E026A76A8C00445ED0 /* Sources */ = {
			isa = PBXSourcesBuildPhase;
			buildActionMask = 2147483647;
			files = (
				A51A18E926A76A8D00445ED0 /* Final_ProjectTests.swift in Sources */,
			);
			runOnlyForDeploymentPostprocessing = 0;
		};
		A51A18EB26A76A8D00445ED0 /* Sources */ = {
			isa = PBXSourcesBuildPhase;
			buildActionMask = 2147483647;
			files = (
				A51A18F426A76A8D00445ED0 /* Final_ProjectUITests.swift in Sources */,
			);
			runOnlyForDeploymentPostprocessing = 0;
		};
/* End PBXSourcesBuildPhase section */

/* Begin PBXTargetDependency section */
		A51A18E626A76A8C00445ED0 /* PBXTargetDependency */ = {
			isa = PBXTargetDependency;
			target = A51A18CA26A76A8100445ED0 /* Final Project */;
			targetProxy = A51A18E526A76A8C00445ED0 /* PBXContainerItemProxy */;
		};
		A51A18F126A76A8D00445ED0 /* PBXTargetDependency */ = {
			isa = PBXTargetDependency;
			target = A51A18CA26A76A8100445ED0 /* Final Project */;
			targetProxy = A51A18F026A76A8D00445ED0 /* PBXContainerItemProxy */;
		};
/* End PBXTargetDependency section */

/* Begin PBXVariantGroup section */
		A51A18D426A76A8100445ED0 /* Main.storyboard */ = {
			isa = PBXVariantGroup;
			children = (
				A51A18D526A76A8100445ED0 /* Base */,
			);
			name = Main.storyboard;
			sourceTree = "<group>";
		};
		A51A18DC26A76A8C00445ED0 /* LaunchScreen.storyboard */ = {
			isa = PBXVariantGroup;
			children = (
				A51A18DD26A76A8C00445ED0 /* Base */,
			);
			name = LaunchScreen.storyboard;
			sourceTree = "<group>";
		};
/* End PBXVariantGroup section */

/* Begin XCBuildConfiguration section */
		A51A18F626A76A8D00445ED0 /* Debug */ = {
			isa = XCBuildConfiguration;
			buildSettings = {
				ALWAYS_SEARCH_USER_PATHS = NO;
				CLANG_ANALYZER_NONNULL = YES;
				CLANG_ANALYZER_NUMBER_OBJECT_CONVERSION = YES_AGGRESSIVE;
				CLANG_CXX_LANGUAGE_STANDARD = "gnu++14";
				CLANG_CXX_LIBRARY = "libc++";
				CLANG_ENABLE_MODULES = YES;
				CLANG_ENABLE_OBJC_ARC = YES;
				CLANG_ENABLE_OBJC_WEAK = YES;
				CLANG_WARN_BLOCK_CAPTURE_AUTORELEASING = YES;
				CLANG_WARN_BOOL_CONVERSION = YES;
				CLANG_WARN_COMMA = YES;
				CLANG_WARN_CONSTANT_CONVERSION = YES;
				CLANG_WARN_DEPRECATED_OBJC_IMPLEMENTATIONS = YES;
				CLANG_WARN_DIRECT_OBJC_ISA_USAGE = YES_ERROR;
				CLANG_WARN_DOCUMENTATION_COMMENTS = YES;
				CLANG_WARN_EMPTY_BODY = YES;
				CLANG_WARN_ENUM_CONVERSION = YES;
				CLANG_WARN_INFINITE_RECURSION = YES;
				CLANG_WARN_INT_CONVERSION = YES;
				CLANG_WARN_NON_LITERAL_NULL_CONVERSION = YES;
				CLANG_WARN_OBJC_IMPLICIT_RETAIN_SELF = YES;
				CLANG_WARN_OBJC_LITERAL_CONVERSION = YES;
				CLANG_WARN_OBJC_ROOT_CLASS = YES_ERROR;
				CLANG_WARN_QUOTED_INCLUDE_IN_FRAMEWORK_HEADER = YES;
				CLANG_WARN_RANGE_LOOP_ANALYSIS = YES;
				CLANG_WARN_STRICT_PROTOTYPES = YES;
				CLANG_WARN_SUSPICIOUS_MOVE = YES;
				CLANG_WARN_UNGUARDED_AVAILABILITY = YES_AGGRESSIVE;
				CLANG_WARN_UNREACHABLE_CODE = YES;
				CLANG_WARN__DUPLICATE_METHOD_MATCH = YES;
				COPY_PHASE_STRIP = NO;
				DEBUG_INFORMATION_FORMAT = dwarf;
				ENABLE_STRICT_OBJC_MSGSEND = YES;
				ENABLE_TESTABILITY = YES;
				GCC_C_LANGUAGE_STANDARD = gnu11;
				GCC_DYNAMIC_NO_PIC = NO;
				GCC_NO_COMMON_BLOCKS = YES;
				GCC_OPTIMIZATION_LEVEL = 0;
				GCC_PREPROCESSOR_DEFINITIONS = (
					"DEBUG=1",
					"$(inherited)",
				);
				GCC_WARN_64_TO_32_BIT_CONVERSION = YES;
				GCC_WARN_ABOUT_RETURN_TYPE = YES_ERROR;
				GCC_WARN_UNDECLARED_SELECTOR = YES;
				GCC_WARN_UNINITIALIZED_AUTOS = YES_AGGRESSIVE;
				GCC_WARN_UNUSED_FUNCTION = YES;
				GCC_WARN_UNUSED_VARIABLE = YES;
				IPHONEOS_DEPLOYMENT_TARGET = 14.5;
				MTL_ENABLE_DEBUG_INFO = INCLUDE_SOURCE;
				MTL_FAST_MATH = YES;
				ONLY_ACTIVE_ARCH = YES;
				SDKROOT = iphoneos;
				SWIFT_ACTIVE_COMPILATION_CONDITIONS = DEBUG;
				SWIFT_OPTIMIZATION_LEVEL = "-Onone";
			};
			name = Debug;
		};
		A51A18F726A76A8D00445ED0 /* Release */ = {
			isa = XCBuildConfiguration;
			buildSettings = {
				ALWAYS_SEARCH_USER_PATHS = NO;
				CLANG_ANALYZER_NONNULL = YES;
				CLANG_ANALYZER_NUMBER_OBJECT_CONVERSION = YES_AGGRESSIVE;
				CLANG_CXX_LANGUAGE_STANDARD = "gnu++14";
				CLANG_CXX_LIBRARY = "libc++";
				CLANG_ENABLE_MODULES = YES;
				CLANG_ENABLE_OBJC_ARC = YES;
				CLANG_ENABLE_OBJC_WEAK = YES;
				CLANG_WARN_BLOCK_CAPTURE_AUTORELEASING = YES;
				CLANG_WARN_BOOL_CONVERSION = YES;
				CLANG_WARN_COMMA = YES;
				CLANG_WARN_CONSTANT_CONVERSION = YES;
				CLANG_WARN_DEPRECATED_OBJC_IMPLEMENTATIONS = YES;
				CLANG_WARN_DIRECT_OBJC_ISA_USAGE = YES_ERROR;
				CLANG_WARN_DOCUMENTATION_COMMENTS = YES;
				CLANG_WARN_EMPTY_BODY = YES;
				CLANG_WARN_ENUM_CONVERSION = YES;
				CLANG_WARN_INFINITE_RECURSION = YES;
				CLANG_WARN_INT_CONVERSION = YES;
				CLANG_WARN_NON_LITERAL_NULL_CONVERSION = YES;
				CLANG_WARN_OBJC_IMPLICIT_RETAIN_SELF = YES;
				CLANG_WARN_OBJC_LITERAL_CONVERSION = YES;
				CLANG_WARN_OBJC_ROOT_CLASS = YES_ERROR;
				CLANG_WARN_QUOTED_INCLUDE_IN_FRAMEWORK_HEADER = YES;
				CLANG_WARN_RANGE_LOOP_ANALYSIS = YES;
				CLANG_WARN_STRICT_PROTOTYPES = YES;
				CLANG_WARN_SUSPICIOUS_MOVE = YES;
				CLANG_WARN_UNGUARDED_AVAILABILITY = YES_AGGRESSIVE;
				CLANG_WARN_UNREACHABLE_CODE = YES;
				CLANG_WARN__DUPLICATE_METHOD_MATCH = YES;
				COPY_PHASE_STRIP = NO;
				DEBUG_INFORMATION_FORMAT = "dwarf-with-dsym";
				ENABLE_NS_ASSERTIONS = NO;
				ENABLE_STRICT_OBJC_MSGSEND = YES;
				GCC_C_LANGUAGE_STANDARD = gnu11;
				GCC_NO_COMMON_BLOCKS = YES;
				GCC_WARN_64_TO_32_BIT_CONVERSION = YES;
				GCC_WARN_ABOUT_RETURN_TYPE = YES_ERROR;
				GCC_WARN_UNDECLARED_SELECTOR = YES;
				GCC_WARN_UNINITIALIZED_AUTOS = YES_AGGRESSIVE;
				GCC_WARN_UNUSED_FUNCTION = YES;
				GCC_WARN_UNUSED_VARIABLE = YES;
				IPHONEOS_DEPLOYMENT_TARGET = 14.5;
				MTL_ENABLE_DEBUG_INFO = NO;
				MTL_FAST_MATH = YES;
				SDKROOT = iphoneos;
				SWIFT_COMPILATION_MODE = wholemodule;
				SWIFT_OPTIMIZATION_LEVEL = "-O";
				VALIDATE_PRODUCT = YES;
			};
			name = Release;
		};
		A51A18F926A76A8D00445ED0 /* Debug */ = {
			isa = XCBuildConfiguration;
			buildSettings = {
				ASSETCATALOG_COMPILER_APPICON_NAME = AppIcon;
				ASSETCATALOG_COMPILER_GLOBAL_ACCENT_COLOR_NAME = AccentColor;
				CODE_SIGN_STYLE = Automatic;
				DEVELOPMENT_TEAM = U7867KXXT2;
				INFOPLIST_FILE = "Final Project/Info.plist";
				LD_RUNPATH_SEARCH_PATHS = (
					"$(inherited)",
					"@executable_path/Frameworks",
				);
				PRODUCT_BUNDLE_IDENTIFIER = "kwk-2021.Final-Project";
				PRODUCT_NAME = "$(TARGET_NAME)";
				SWIFT_VERSION = 5.0;
				TARGETED_DEVICE_FAMILY = "1,2";
			};
			name = Debug;
		};
		A51A18FA26A76A8D00445ED0 /* Release */ = {
			isa = XCBuildConfiguration;
			buildSettings = {
				ASSETCATALOG_COMPILER_APPICON_NAME = AppIcon;
				ASSETCATALOG_COMPILER_GLOBAL_ACCENT_COLOR_NAME = AccentColor;
				CODE_SIGN_STYLE = Automatic;
				DEVELOPMENT_TEAM = U7867KXXT2;
				INFOPLIST_FILE = "Final Project/Info.plist";
				LD_RUNPATH_SEARCH_PATHS = (
					"$(inherited)",
					"@executable_path/Frameworks",
				);
				PRODUCT_BUNDLE_IDENTIFIER = "kwk-2021.Final-Project";
				PRODUCT_NAME = "$(TARGET_NAME)";
				SWIFT_VERSION = 5.0;
				TARGETED_DEVICE_FAMILY = "1,2";
			};
			name = Release;
		};
		A51A18FC26A76A8D00445ED0 /* Debug */ = {
			isa = XCBuildConfiguration;
			buildSettings = {
				ALWAYS_EMBED_SWIFT_STANDARD_LIBRARIES = YES;
				BUNDLE_LOADER = "$(TEST_HOST)";
				CODE_SIGN_STYLE = Automatic;
				DEVELOPMENT_TEAM = U7867KXXT2;
				INFOPLIST_FILE = "Final ProjectTests/Info.plist";
				IPHONEOS_DEPLOYMENT_TARGET = 14.5;
				LD_RUNPATH_SEARCH_PATHS = (
					"$(inherited)",
					"@executable_path/Frameworks",
					"@loader_path/Frameworks",
				);
				PRODUCT_BUNDLE_IDENTIFIER = "kwk-2021.Final-ProjectTests";
				PRODUCT_NAME = "$(TARGET_NAME)";
				SWIFT_VERSION = 5.0;
				TARGETED_DEVICE_FAMILY = "1,2";
				TEST_HOST = "$(BUILT_PRODUCTS_DIR)/Final Project.app/Final Project";
			};
			name = Debug;
		};
		A51A18FD26A76A8D00445ED0 /* Release */ = {
			isa = XCBuildConfiguration;
			buildSettings = {
				ALWAYS_EMBED_SWIFT_STANDARD_LIBRARIES = YES;
				BUNDLE_LOADER = "$(TEST_HOST)";
				CODE_SIGN_STYLE = Automatic;
				DEVELOPMENT_TEAM = U7867KXXT2;
				INFOPLIST_FILE = "Final ProjectTests/Info.plist";
				IPHONEOS_DEPLOYMENT_TARGET = 14.5;
				LD_RUNPATH_SEARCH_PATHS = (
					"$(inherited)",
					"@executable_path/Frameworks",
					"@loader_path/Frameworks",
				);
				PRODUCT_BUNDLE_IDENTIFIER = "kwk-2021.Final-ProjectTests";
				PRODUCT_NAME = "$(TARGET_NAME)";
				SWIFT_VERSION = 5.0;
				TARGETED_DEVICE_FAMILY = "1,2";
				TEST_HOST = "$(BUILT_PRODUCTS_DIR)/Final Project.app/Final Project";
			};
			name = Release;
		};
		A51A18FF26A76A8D00445ED0 /* Debug */ = {
			isa = XCBuildConfiguration;
			buildSettings = {
				ALWAYS_EMBED_SWIFT_STANDARD_LIBRARIES = YES;
				CODE_SIGN_STYLE = Automatic;
				DEVELOPMENT_TEAM = U7867KXXT2;
				INFOPLIST_FILE = "Final ProjectUITests/Info.plist";
				LD_RUNPATH_SEARCH_PATHS = (
					"$(inherited)",
					"@executable_path/Frameworks",
					"@loader_path/Frameworks",
				);
				PRODUCT_BUNDLE_IDENTIFIER = "kwk-2021.Final-ProjectUITests";
				PRODUCT_NAME = "$(TARGET_NAME)";
				SWIFT_VERSION = 5.0;
				TARGETED_DEVICE_FAMILY = "1,2";
				TEST_TARGET_NAME = "Final Project";
			};
			name = Debug;
		};
		A51A190026A76A8D00445ED0 /* Release */ = {
			isa = XCBuildConfiguration;
			buildSettings = {
				ALWAYS_EMBED_SWIFT_STANDARD_LIBRARIES = YES;
				CODE_SIGN_STYLE = Automatic;
				DEVELOPMENT_TEAM = U7867KXXT2;
				INFOPLIST_FILE = "Final ProjectUITests/Info.plist";
				LD_RUNPATH_SEARCH_PATHS = (
					"$(inherited)",
					"@executable_path/Frameworks",
					"@loader_path/Frameworks",
				);
				PRODUCT_BUNDLE_IDENTIFIER = "kwk-2021.Final-ProjectUITests";
				PRODUCT_NAME = "$(TARGET_NAME)";
				SWIFT_VERSION = 5.0;
				TARGETED_DEVICE_FAMILY = "1,2";
				TEST_TARGET_NAME = "Final Project";
			};
			name = Release;
		};
/* End XCBuildConfiguration section */

/* Begin XCConfigurationList section */
		A51A18C626A76A8100445ED0 /* Build configuration list for PBXProject "Final Project" */ = {
			isa = XCConfigurationList;
			buildConfigurations = (
				A51A18F626A76A8D00445ED0 /* Debug */,
				A51A18F726A76A8D00445ED0 /* Release */,
			);
			defaultConfigurationIsVisible = 0;
			defaultConfigurationName = Release;
		};
		A51A18F826A76A8D00445ED0 /* Build configuration list for PBXNativeTarget "Final Project" */ = {
			isa = XCConfigurationList;
			buildConfigurations = (
				A51A18F926A76A8D00445ED0 /* Debug */,
				A51A18FA26A76A8D00445ED0 /* Release */,
			);
			defaultConfigurationIsVisible = 0;
			defaultConfigurationName = Release;
		};
		A51A18FB26A76A8D00445ED0 /* Build configuration list for PBXNativeTarget "Final ProjectTests" */ = {
			isa = XCConfigurationList;
			buildConfigurations = (
				A51A18FC26A76A8D00445ED0 /* Debug */,
				A51A18FD26A76A8D00445ED0 /* Release */,
			);
			defaultConfigurationIsVisible = 0;
			defaultConfigurationName = Release;
		};
		A51A18FE26A76A8D00445ED0 /* Build configuration list for PBXNativeTarget "Final ProjectUITests" */ = {
			isa = XCConfigurationList;
			buildConfigurations = (
				A51A18FF26A76A8D00445ED0 /* Debug */,
				A51A190026A76A8D00445ED0 /* Release */,
			);
			defaultConfigurationIsVisible = 0;
			defaultConfigurationName = Release;
		};
/* End XCConfigurationList section */

/* Begin XCVersionGroup section */
		A51A18D726A76A8100445ED0 /* Final_Project.xcdatamodeld */ = {
			isa = XCVersionGroup;
			children = (
				A51A18D826A76A8100445ED0 /* Final_Project.xcdatamodel */,
			);
			currentVersion = A51A18D826A76A8100445ED0 /* Final_Project.xcdatamodel */;
			path = Final_Project.xcdatamodeld;
			sourceTree = "<group>";
			versionGroupType = wrapper.xcdatamodel;
		};
/* End XCVersionGroup section */
	};
	rootObject = A51A18C326A76A8100445ED0 /* Project object */;
}
